
Microsoft Visual Studio Solution File, Format Version 12.00
# Visual Studio Version 17
VisualStudioVersion = 17.13.35818.85 d17.13
MinimumVisualStudioVersion = 10.0.40219.1
Project("{FAE04EC0-301F-11D3-BF4B-00C04F79EFBC}") = "Trayectos_Especiales", "Trayectos_Especiales.csproj", "{4337E971-1D10-4EEA-B375-E75137E01D7F}"
EndProject
Global
	GlobalSection(SolutionConfigurationPlatforms) = preSolution
		Debug|Any CPU = Debug|Any CPU
		Release|Any CPU = Release|Any CPU
	EndGlobalSection
	GlobalSection(ProjectConfigurationPlatforms) = postSolution
		{4337E971-1D10-4EEA-B375-E75137E01D7F}.Debug|Any CPU.ActiveCfg = Debug|Any CPU
		{4337E971-1D10-4EEA-B375-E75137E01D7F}.Debug|Any CPU.Build.0 = Debug|Any CPU
		{4337E971-1D10-4EEA-B375-E75137E01D7F}.Release|Any CPU.ActiveCfg = Release|Any CPU
		{4337E971-1D10-4EEA-B375-E75137E01D7F}.Release|Any CPU.Build.0 = Release|Any CPU
	EndGlobalSection
	GlobalSection(SolutionProperties) = preSolution
		HideSolutionNode = FALSE
	EndGlobalSection
	GlobalSection(ExtensibilityGlobals) = postSolution
		SolutionGuid = {3BBE58D4-EF2F-4480-8E10-98E9840DE0A6}
	EndGlobalSection
EndGlobal
